{
  "nodes": {
    "_nixpkgs-unstable": {
      "locked": {
        "lastModified": 1743827369,
        "narHash": "sha256-rpqepOZ8Eo1zg+KJeWoq1HAOgoMCDloqv5r2EAa9TSA=",
        "owner": "nixos",
        "repo": "nixpkgs",
        "rev": "42a1c966be226125b48c384171c44c651c236c22",
        "type": "github"
      },
      "original": {
        "owner": "nixos",
        "ref": "nixos-unstable",
        "repo": "nixpkgs",
        "type": "github"
      }
    },
    "disko": {
      "inputs": {
        "nixpkgs": [
          "nixpkgs"
        ]
      },
      "locked": {
        "lastModified": 1743598667,
        "narHash": "sha256-ViE7NoFWytYO2uJONTAX35eGsvTYXNHjWALeHAg8OQY=",
        "owner": "nix-community",
        "repo": "disko",
        "rev": "329d3d7e8bc63dd30c39e14e6076db590a6eabe6",
        "type": "github"
      },
      "original": {
        "owner": "nix-community",
        "repo": "disko",
        "type": "github"
      }
    },
    "nixpkgs": {
      "locked": {
        "lastModified": 1743813633,
        "narHash": "sha256-BgkBz4NpV6Kg8XF7cmHDHRVGZYnKbvG0Y4p+jElwxaM=",
        "owner": "nixos",
        "repo": "nixpkgs",
        "rev": "7819a0d29d1dd2bc331bec4b327f0776359b1fa6",
        "type": "github"
      },
      "original": {
        "owner": "nixos",
        "ref": "nixos-24.11",
        "repo": "nixpkgs",
        "type": "github"
      }
    },
    "root": {
      "inputs": {
        "_nixpkgs-unstable": "_nixpkgs-unstable",
        "disko": "disko",
        "nixpkgs": "nixpkgs"
      }
    }
  },
  "root": "root",
  "version": 7
}
